
Microsoft Visual Studio Solution File, Format Version 12.00
# Visual Studio Version 17
VisualStudioVersion = 17.8.34205.153
MinimumVisualStudioVersion = 10.0.40219.1
Project("{9A19103F-16F7-4668-BE54-9A1E7A4F7556}") = "RC2Demo", "RC2Demo\RC2Demo.csproj", "{DD3B45DE-3D14-4B97-9FB5-99D87DF686D8}"
EndProject
Project("{9A19103F-16F7-4668-BE54-9A1E7A4F7556}") = "RC2Demo.Client", "RC2Demo.Client\RC2Demo.Client.csproj", "{7869DC86-A68C-4FF5-A671-06E943A3EACE}"
EndProject
Project("{9A19103F-16F7-4668-BE54-9A1E7A4F7556}") = "RC2Demo.Shared", "RC2Demo.Shared\RC2Demo.Shared.csproj", "{7E2F9CDA-3A77-46E0-8307-02E5EF08D18F}"
EndProject
Global
	GlobalSection(SolutionConfigurationPlatforms) = preSolution
		Debug|Any CPU = Debug|Any CPU
		Release|Any CPU = Release|Any CPU
	EndGlobalSection
	GlobalSection(ProjectConfigurationPlatforms) = postSolution
		{DD3B45DE-3D14-4B97-9FB5-99D87DF686D8}.Debug|Any CPU.ActiveCfg = Debug|Any CPU
		{DD3B45DE-3D14-4B97-9FB5-99D87DF686D8}.Debug|Any CPU.Build.0 = Debug|Any CPU
		{DD3B45DE-3D14-4B97-9FB5-99D87DF686D8}.Release|Any CPU.ActiveCfg = Release|Any CPU
		{DD3B45DE-3D14-4B97-9FB5-99D87DF686D8}.Release|Any CPU.Build.0 = Release|Any CPU
		{7869DC86-A68C-4FF5-A671-06E943A3EACE}.Debug|Any CPU.ActiveCfg = Debug|Any CPU
		{7869DC86-A68C-4FF5-A671-06E943A3EACE}.Debug|Any CPU.Build.0 = Debug|Any CPU
		{7869DC86-A68C-4FF5-A671-06E943A3EACE}.Release|Any CPU.ActiveCfg = Release|Any CPU
		{7869DC86-A68C-4FF5-A671-06E943A3EACE}.Release|Any CPU.Build.0 = Release|Any CPU
		{7E2F9CDA-3A77-46E0-8307-02E5EF08D18F}.Debug|Any CPU.ActiveCfg = Debug|Any CPU
		{7E2F9CDA-3A77-46E0-8307-02E5EF08D18F}.Debug|Any CPU.Build.0 = Debug|Any CPU
		{7E2F9CDA-3A77-46E0-8307-02E5EF08D18F}.Release|Any CPU.ActiveCfg = Release|Any CPU
		{7E2F9CDA-3A77-46E0-8307-02E5EF08D18F}.Release|Any CPU.Build.0 = Release|Any CPU
	EndGlobalSection
	GlobalSection(SolutionProperties) = preSolution
		HideSolutionNode = FALSE
	EndGlobalSection
	GlobalSection(ExtensibilityGlobals) = postSolution
		SolutionGuid = {3E82AB77-7779-4FA5-9D27-D02676A83F89}
	EndGlobalSection
EndGlobal
